run_id: gn-smoke
source_root: /Users/felixsanhueza/Developer/gorenuble/knowledge
frozen_at: '2026-03-08T21:47:19.675391+00:00'
mirror_root: source/gn/gn-smoke/mirror
files:
- path: core/gestion/kb_gn_lean6_core_koda.yml
  sha256: f6f48ca09c86336ca3b66c0e3bd58dfd4ccb26249407a7ee6dd58cf8d2a277f8
  projection: projections/core/gestion/kb_gn_lean6_core_koda.yml.json
- path: core/gestion/kb_gn_meyer_org_structure_koda.yml
  sha256: 1ece75045862071173bac3b13b9670c91fd120db27235b046a408ca14783a02b
  projection: projections/core/gestion/kb_gn_meyer_org_structure_koda.yml.json
- path: core/gestion/kb_gn_mw_waissbluth_koda.yml
  sha256: 5d2eba125b82ed4000d3500cbace5fd5a28eb971f09ea0082409b15b5b7d1c8f
  projection: projections/core/gestion/kb_gn_mw_waissbluth_koda.yml.json
- path: domains/estadocl/kb_core_007_estructura_estado_chile_koda.yml
  sha256: 4926a8f6e50fbd6ca3d0ea3b979efe7642f5ca35b15f9113fdd46f028214036b
  projection: projections/domains/estadocl/kb_core_007_estructura_estado_chile_koda.yml.json
- path: domains/gn/00_meta/kb_gn_999_matriz_integracion_organica_koda.yml
  sha256: 7975c99427d63597e7fb85b971e34c34f77b14aa74df25014dded0fb3262afdc
  projection: projections/domains/gn/00_meta/kb_gn_999_matriz_integracion_organica_koda.yml.json
- path: domains/gn/01_fundamentos/intro/kb_gn_000_inicio_intro_gores_nuble_koda.yml
  sha256: c7b5443f3d62f98f1fb9a30dd9c881d73d06bd8dc32c9bac69a537e041d9e3ec
  projection: projections/domains/gn/01_fundamentos/intro/kb_gn_000_inicio_intro_gores_nuble_koda.yml.json
- path: domains/gn/01_fundamentos/intro/kb_gn_000_intro_gores_nuble_koda.yml
  sha256: 6730e5ceba5f3eb7c02231414c416dff13f341f0e022e51280ca9c5bc33bc15e
  projection: projections/domains/gn/01_fundamentos/intro/kb_gn_000_intro_gores_nuble_koda.yml.json
- path: domains/gn/01_fundamentos/intro/kb_gn_002_organigrama_koda.yml
  sha256: 7b2c3c0ca3bf951a0d091021bfc7b8a4561e2cd99b10d89982535a8cf29f3435
  projection: projections/domains/gn/01_fundamentos/intro/kb_gn_002_organigrama_koda.yml.json
- path: domains/gn/01_fundamentos/intro/kb_gn_013_vision_desarrollo_nuble_koda.yml
  sha256: f986014128c781292a4897ae182c94b4d373de340eb95ff2052a748135eb91dd
  projection: projections/domains/gn/01_fundamentos/intro/kb_gn_013_vision_desarrollo_nuble_koda.yml.json
- path: domains/gn/01_fundamentos/intro/kb_gn_900_gore_ideal_koda.yml
  sha256: 1d810f7b8ad238e32a65a326820389cc6b269929ceee4af04ece2b6c170d35a1
  projection: projections/domains/gn/01_fundamentos/intro/kb_gn_900_gore_ideal_koda.yml.json
- path: domains/gn/01_fundamentos/intro/omega_gore_nuble_mermaid.md
  sha256: dd433b5369ceb71c569a6b59d5a2b5f4225abc9f368e8e7ccaad39768db9af20
  projection: projections/domains/gn/01_fundamentos/intro/omega_gore_nuble_mermaid.md.json
- path: domains/gn/01_fundamentos/legal/kb_gn_031_loc_gore_koda.yml
  sha256: f6fa292ac1f38927149cd6ec30eee8aaa3cb6808906023d38df41529f45450b8
  projection: projections/domains/gn/01_fundamentos/legal/kb_gn_031_loc_gore_koda.yml.json
- path: domains/gn/01_fundamentos/legal/kb_gn_200_marco_legal_gores_koda.yml
  sha256: b88e954a329425518cbd15773be6c8ea2cd11327b1446b38712d0d19be5cd049
  projection: projections/domains/gn/01_fundamentos/legal/kb_gn_200_marco_legal_gores_koda.yml.json
- path: domains/gn/02_estrategia/estadisticas/kb_gn_005_indicadores_nuble_koda.yml
  sha256: bcd4882cf1d06aac30b00810e6e866c7c497ec147f8ee8ddb6c7b3962bbe881e
  projection: projections/domains/gn/02_estrategia/estadisticas/kb_gn_005_indicadores_nuble_koda.yml.json
- path: domains/gn/02_estrategia/estrategia/kb_gn_006_erd_nuble_2024_2030_koda.yml
  sha256: 314fa57695dae1694763b7191c3b8b0a137612fa9c0d6bd33f1474a0fb475fdd
  projection: projections/domains/gn/02_estrategia/estrategia/kb_gn_006_erd_nuble_2024_2030_koda.yml.json
- path: domains/gn/02_estrategia/estrategia/kb_gn_056_nuble250_koda.yml
  sha256: a1cb4ebf4494100c137353a4ce85d009f252cebec9a2aa2b409b73981c15129d
  projection: projections/domains/gn/02_estrategia/estrategia/kb_gn_056_nuble250_koda.yml.json
- path: domains/gn/02_estrategia/social/kb_gn_004_problemas_sociales_cl_koda.yml
  sha256: d450bafc8f8d4f48e645480067d8081cd30ba958464c68d37625da528525515e
  projection: projections/domains/gn/02_estrategia/social/kb_gn_004_problemas_sociales_cl_koda.yml.json
- path: domains/gn/03_operacion/gestion/kb_gn_009_cuentas_publicas_2021_2024_koda.yml
  sha256: cbcf1eb29e7225f3abd445fe2443367e46a64137ac94c8d976fbd096d9a0c72a
  projection: projections/domains/gn/03_operacion/gestion/kb_gn_009_cuentas_publicas_2021_2024_koda.yml.json
- path: domains/gn/03_operacion/gestion/kb_gn_014_glosario_gore_nuble_koda.yml
  sha256: 009cdb8d58716b0411b2e44cb7b22bcbf2f70b83af8c40e5a1aee0bdb516fb59
  projection: projections/domains/gn/03_operacion/gestion/kb_gn_014_glosario_gore_nuble_koda.yml.json
- path: domains/gn/03_operacion/gestion/kb_gn_015_aprobaciones_koda.yml
  sha256: 5751b9f208889c0fa25cf1c292dc97352525eaeabd3267d772a1939b7baafbea
  projection: projections/domains/gn/03_operacion/gestion/kb_gn_015_aprobaciones_koda.yml.json
- path: domains/gn/03_operacion/gestion/kb_gn_017_manual_induccion_gore_nuble_2025_koda.yml
  sha256: e36da1f09911c2657522f02b4d7d35b277a63007ef31508c74535ffe6f61c315
  projection: projections/domains/gn/03_operacion/gestion/kb_gn_017_manual_induccion_gore_nuble_2025_koda.yml.json
- path: domains/gn/03_operacion/gestion/kb_gn_020_gestion_rendiciones_koda.yml
  sha256: 7d74292265295eae37bbf046dc39161d936c93645e7fd88793ecd1d48b247834
  projection: projections/domains/gn/03_operacion/gestion/kb_gn_020_gestion_rendiciones_koda.yml.json
- path: domains/gn/03_operacion/gestion/kb_gn_035_estrategia_gestion_koda.yml
  sha256: bc05a25cfc0dfda4a239a7436a4170f0e141e4e12df446b52c199ffa5e8b8489
  projection: projections/domains/gn/03_operacion/gestion/kb_gn_035_estrategia_gestion_koda.yml.json
- path: domains/gn/03_operacion/gestion/kb_gn_040_manual_inventarios_bodegas_koda.yml
  sha256: 4eb84a392e7aafc83705fa4afd8644822e3b6cce38ffd9d7908e97cbb3d8fe9f
  projection: projections/domains/gn/03_operacion/gestion/kb_gn_040_manual_inventarios_bodegas_koda.yml.json
- path: domains/gn/03_operacion/gestion/kb_gn_041_manual_activo_fijo_koda.yml
  sha256: ec3fc91f201af120cd93c6287142dcf3bb1c493fa94f5105879cfac9587b51ab
  projection: projections/domains/gn/03_operacion/gestion/kb_gn_041_manual_activo_fijo_koda.yml.json
- path: domains/gn/03_operacion/gestion/kb_gn_042_manual_desarrollo_organizacional_koda.yml
  sha256: 3263702921c6f5b970f42c120665e927fc6490c6f80daff6548ee571f120dc41
  projection: projections/domains/gn/03_operacion/gestion/kb_gn_042_manual_desarrollo_organizacional_koda.yml.json
- path: domains/gn/03_operacion/gestion/kb_gn_043_manual_presupuesto_koda.yml
  sha256: 2fd27082c96bc49473323ed93d8e54394b1e1d5a9fac13e69880c9abeec64e86
  projection: projections/domains/gn/03_operacion/gestion/kb_gn_043_manual_presupuesto_koda.yml.json
- path: domains/gn/03_operacion/gestion/kb_gn_044_manual_contabilidad_koda.yml
  sha256: e213a67f06aa9e3579701b12b3a73536efd26e221a3a11177008549bab99ff87
  projection: projections/domains/gn/03_operacion/gestion/kb_gn_044_manual_contabilidad_koda.yml.json
- path: domains/gn/03_operacion/gestion/kb_gn_045_manual_tesoreria_koda.yml
  sha256: 764bfd77fdf2c5d3e8421de25ddea6186bb127d0a5d4dc2ddf4296d3b267d32e
  projection: projections/domains/gn/03_operacion/gestion/kb_gn_045_manual_tesoreria_koda.yml.json
- path: domains/gn/03_operacion/gestion/kb_gn_046_manual_compras_koda.yml
  sha256: d8a0c38e5fb27d0017067ea4a3c0dd66fe3f89a0fcc7326e03e4ade56d084b96
  projection: projections/domains/gn/03_operacion/gestion/kb_gn_046_manual_compras_koda.yml.json
- path: domains/gn/03_operacion/gestion/kb_gn_047_manual_flotas_koda.yml
  sha256: 1aafd1431cafe05ba214aaf313e7971f329c43013726f6b1c95fb710a0adc42f
  projection: projections/domains/gn/03_operacion/gestion/kb_gn_047_manual_flotas_koda.yml.json
- path: domains/gn/03_operacion/gestion/kb_gn_048_manual_ciclo_vida_koda.yml
  sha256: 0a95c3718cf50db25b12eec303d32a07148c52053b672fcfde7c78632a08238c
  projection: projections/domains/gn/03_operacion/gestion/kb_gn_048_manual_ciclo_vida_koda.yml.json
- path: domains/gn/03_operacion/gestion/kb_gn_049_manual_remuneraciones_koda.yml
  sha256: ec913a9bf78844e5a92b580b05439afdb477e766fc384ca10ab58be2d7207ee6
  projection: projections/domains/gn/03_operacion/gestion/kb_gn_049_manual_remuneraciones_koda.yml.json
- path: domains/gn/03_operacion/gestion/kb_gn_051_manual_asistencia_koda.yml
  sha256: 932eac1d1b8589c949c56f3aec4f1643c8d791657e2839bd57fa73f0286afb0d
  projection: projections/domains/gn/03_operacion/gestion/kb_gn_051_manual_asistencia_koda.yml.json
- path: domains/gn/03_operacion/gestion/kb_gn_052_manual_bienestar_koda.yml
  sha256: 50d5c9108caed0342e5598613db7f32524ca31b5ee24544305805d352759960c
  projection: projections/domains/gn/03_operacion/gestion/kb_gn_052_manual_bienestar_koda.yml.json
- path: domains/gn/03_operacion/gestion/terminos.md
  sha256: 56d157a483be7f85b10e4532a6d5e58859db2c692dd4604f0c248d78aa4a8023
  projection: projections/domains/gn/03_operacion/gestion/terminos.md.json
- path: domains/gn/03_operacion/ipr/kb_gn_001_transferencia_ppr_koda.yml
  sha256: ecb09f8e8d9ac97425808b6d67cdb20d04dd6eb260c1752568c93674bb924ebb
  projection: projections/domains/gn/03_operacion/ipr/kb_gn_001_transferencia_ppr_koda.yml.json
- path: domains/gn/03_operacion/ipr/kb_gn_010_ris/kb_gn_010_ris_artcult_koda.yml
  sha256: b81e6acc6c478e02e9d8ea146b172dec5893a516a96901e25d5416f63997d112
  projection: projections/domains/gn/03_operacion/ipr/kb_gn_010_ris/kb_gn_010_ris_artcult_koda.yml.json
- path: domains/gn/03_operacion/ipr/kb_gn_010_ris/kb_gn_010_ris_deportes_koda.yml
  sha256: 5989871f8a4ad10e44d060d4f8547ae81b9b4f9a7e9ad5c54891275b83fbcf1f
  projection: projections/domains/gn/03_operacion/ipr/kb_gn_010_ris/kb_gn_010_ris_deportes_koda.yml.json
- path: domains/gn/03_operacion/ipr/kb_gn_010_ris/kb_gn_010_ris_edpub_koda.yml
  sha256: fea492e4633214c96c97e8181045caff49bf315949a07ed88a85c4fbee28fb8e
  projection: projections/domains/gn/03_operacion/ipr/kb_gn_010_ris/kb_gn_010_ris_edpub_koda.yml.json
- path: domains/gn/03_operacion/ipr/kb_gn_010_ris/kb_gn_010_ris_empub_koda.yml
  sha256: 2f7d6ea2883d0c6c42e1eaf9143929c29bd001d5218a038f75ea8070f3b9bb19
  projection: projections/domains/gn/03_operacion/ipr/kb_gn_010_ris/kb_gn_010_ris_empub_koda.yml.json
- path: domains/gn/03_operacion/ipr/kb_gn_010_ris/kb_gn_010_ris_index_koda.yml
  sha256: 37bd32f03f5bf4b7480d8da3163c0303a73405a9c8cfcf32ee71d6508bae2b93
  projection: projections/domains/gn/03_operacion/ipr/kb_gn_010_ris/kb_gn_010_ris_index_koda.yml.json
- path: domains/gn/03_operacion/ipr/kb_gn_010_ris/kb_gn_010_ris_patrimonio_koda.yml
  sha256: ee94c5bc9568dc06e21ab69a6febc9140ea6e9f1ee22534630b7b24a5e28f889
  projection: projections/domains/gn/03_operacion/ipr/kb_gn_010_ris/kb_gn_010_ris_patrimonio_koda.yml.json
- path: domains/gn/03_operacion/ipr/kb_gn_010_ris/kb_gn_010_ris_pmdt_koda.yml
  sha256: f8f48675034e2613ee5cf2eaed0964d2211ddf442245e0fcb558b013a966c058
  projection: projections/domains/gn/03_operacion/ipr/kb_gn_010_ris/kb_gn_010_ris_pmdt_koda.yml.json
- path: domains/gn/03_operacion/ipr/kb_gn_010_ris/kb_gn_010_ris_proginv_koda.yml
  sha256: 6918a72cf7ef99090c9c7d3ade29ba26502c46b691595f7e9114936205443188
  projection: projections/domains/gn/03_operacion/ipr/kb_gn_010_ris/kb_gn_010_ris_proginv_koda.yml.json
- path: domains/gn/03_operacion/ipr/kb_gn_010_ris/kb_gn_010_ris_proyinv_koda.yml
  sha256: 2ff418c2537e09c49caf194bbbe8fbc0320a4f95c3b5a1ab0f146a993f46e33f
  projection: projections/domains/gn/03_operacion/ipr/kb_gn_010_ris/kb_gn_010_ris_proyinv_koda.yml.json
- path: domains/gn/03_operacion/ipr/kb_gn_011_selector_ipr_koda.yml
  sha256: 578cc776ec61c76afff987ab3acf43017fdd85346ae42deb18396e79a6321050
  projection: projections/domains/gn/03_operacion/ipr/kb_gn_011_selector_ipr_koda.yml.json
- path: domains/gn/03_operacion/ipr/kb_gn_019_gestion_ipr_koda.yml
  sha256: 14828ff570b8161d675fbc73a4f35979e959d3e94b0b4d6c9ddec35fbea50d79
  projection: projections/domains/gn/03_operacion/ipr/kb_gn_019_gestion_ipr_koda.yml.json
- path: domains/gn/03_operacion/ipr/kb_gn_024_guia_idi_sni_koda.yml
  sha256: 27498c2f7e5b50b99638989c8b70acde4909175d98cedfc6d56ca2eec3664ed4
  projection: projections/domains/gn/03_operacion/ipr/kb_gn_024_guia_idi_sni_koda.yml.json
- path: domains/gn/03_operacion/ipr/kb_gn_025_guia_programas_koda.yml
  sha256: e04ab2f83baec33555190bfda2fc00e63e72911cc74318f605a2f84b09eabe46
  projection: projections/domains/gn/03_operacion/ipr/kb_gn_025_guia_programas_koda.yml.json
- path: domains/gn/03_operacion/ipr/kb_gn_026_guia_fril_koda.yml
  sha256: 3aca0ba1ca44ad48be392f8c310805f0410020dcd31808b08db83934122ed97e
  projection: projections/domains/gn/03_operacion/ipr/kb_gn_026_guia_fril_koda.yml.json
- path: domains/gn/03_operacion/ipr/kb_gn_027_guia_frpd_koda.yml
  sha256: 4f4808ccddcb30b222213dde102ece5d7c782ef8a25540c58b78bba2c36eeff4
  projection: projections/domains/gn/03_operacion/ipr/kb_gn_027_guia_frpd_koda.yml.json
- path: domains/gn/03_operacion/ipr/kb_gn_028_instructivo_subvencion_8_koda.yml
  sha256: 70da9fa3fc6c4427b278fd1fcc485eb4b9eee1c596cbdddbd2cb90f2c5964d53
  projection: projections/domains/gn/03_operacion/ipr/kb_gn_028_instructivo_subvencion_8_koda.yml.json
- path: domains/gn/03_operacion/ipr/kb_gn_029_guia_circ33_koda.yml
  sha256: f6b6ff85f6ff27498cd9c8a7749a3e5f60ea1f9afaea6dd68a833227c9d6dea6
  projection: projections/domains/gn/03_operacion/ipr/kb_gn_029_guia_circ33_koda.yml.json
- path: domains/gn/03_operacion/ipr/kb_omega_ipr_gestion_fusion.yml
  sha256: 3ab92b1ccdacc60070e0a8796dd54bb600e956cf0e3f6a4b50b606bc23610385
  projection: projections/domains/gn/03_operacion/ipr/kb_omega_ipr_gestion_fusion.yml.json
- path: domains/gn/03_operacion/ipr/otroglosario.yml
  sha256: 264ea1fd78a2c3593b64ced94af158de885bff7d1dfcaab51533e1afe22449ed
  projection: projections/domains/gn/03_operacion/ipr/otroglosario.yml.json
- path: domains/gn/03_operacion/juridico/kb_gn_100_modelos_actos_juridicos_koda.yml
  sha256: 63a74477a9a3046a2beb52b9397eb26e459067d657e3d0016e32d4216b4a96f1
  projection: projections/domains/gn/03_operacion/juridico/kb_gn_100_modelos_actos_juridicos_koda.yml.json
- path: domains/gn/03_operacion/juridico/kb_gn_101_dictamenes_cgr_gore_koda.yml
  sha256: e07623fa1ffd5eb5c8c0e3f48660809711c33053081fcccc0d17af9f1c50b098
  projection: projections/domains/gn/03_operacion/juridico/kb_gn_101_dictamenes_cgr_gore_koda.yml.json
- path: domains/gn/03_operacion/presupuesto/kb_gn_018_gestion_prpto_2026_koda.yml
  sha256: db858d287b9d9f249d02768786b20014521ff83e5d678bf3e6f3ff4f25932ba2
  projection: projections/domains/gn/03_operacion/presupuesto/kb_gn_018_gestion_prpto_2026_koda.yml.json
- path: domains/gn/03_operacion/presupuesto/kb_gn_018_gestion_prpto_koda.yml
  sha256: 84d61c7a2af70675d2abcefaa4477ec3fbeb37cd83d79ac824e554660ec67819
  projection: projections/domains/gn/03_operacion/presupuesto/kb_gn_018_gestion_prpto_koda.yml.json
- path: domains/gn/03_operacion/presupuesto/kb_gn_210_ley_presupuestos_2026_partida_31_koda.yml
  sha256: 775a746912ed3ba884816da6c5d949d9b066961627454f2ffc39774da732e254
  projection: projections/domains/gn/03_operacion/presupuesto/kb_gn_210_ley_presupuestos_2026_partida_31_koda.yml.json
- path: domains/gn/03_operacion/presupuesto/kb_gn_211_ley_presupuestos_2026_glosas_gores_2026_koda.yml
  sha256: ed0903e022f2ea9f6e21be87dca3a1f1043b7bb83e09be34aeef38e2261d05eb
  projection: projections/domains/gn/03_operacion/presupuesto/kb_gn_211_ley_presupuestos_2026_glosas_gores_2026_koda.yml.json
- path: domains/gn/03_operacion/presupuesto/kb_gn_211_ley_presupuestos_2026_normas_generales_koda.yml
  sha256: e6d73c2cb0ef11d1a53185ef7b468f25e8523982d599c293ef1a37397e750414
  projection: projections/domains/gn/03_operacion/presupuesto/kb_gn_211_ley_presupuestos_2026_normas_generales_koda.yml.json
- path: domains/gn/04_habilitadores/arquitectura/bpmn/D01_actos_administrativos_koda.yml
  sha256: b0cfd30ba3085e4149285f535c9083cf50f7abcc622a77edf76c80b1d324c84e
  projection: projections/domains/gn/04_habilitadores/arquitectura/bpmn/D01_actos_administrativos_koda.yml.json
- path: domains/gn/04_habilitadores/arquitectura/bpmn/D02_ciclo_presupuestario_koda.yml
  sha256: a0c587cb39904c946b6bf1f1c6dd57cd93abfb442ff13174afd931516b856578
  projection: projections/domains/gn/04_habilitadores/arquitectura/bpmn/D02_ciclo_presupuestario_koda.yml.json
- path: domains/gn/04_habilitadores/arquitectura/bpmn/D03_gestion_ipr_koda.yml
  sha256: ad228323fcd3053399a1bea70e24f3a0d3ffdc1da1a6f46050562a2bbc463a88
  projection: projections/domains/gn/04_habilitadores/arquitectura/bpmn/D03_gestion_ipr_koda.yml.json
- path: domains/gn/04_habilitadores/arquitectura/bpmn/D04_compras_contrataciones_koda.yml
  sha256: 19700dc6bb9e38a84be1d89d8043f4178da2cc3349e284b132420e3bfb0a8c87
  projection: projections/domains/gn/04_habilitadores/arquitectura/bpmn/D04_compras_contrataciones_koda.yml.json
- path: domains/gn/04_habilitadores/arquitectura/bpmn/D05_inventarios_activo_fijo_koda.yml
  sha256: 866b4cd7ee85542957200f88eb2a6f4dd9e97886a4eeb904c40ca0aa0751050c
  projection: projections/domains/gn/04_habilitadores/arquitectura/bpmn/D05_inventarios_activo_fijo_koda.yml.json
- path: domains/gn/04_habilitadores/arquitectura/bpmn/D06_flota_vehicular_koda.yml
  sha256: dcdcd9dc7b0277afeb94fb6b32671d1419343479bac5fb78ace21e952acd9bb6
  projection: projections/domains/gn/04_habilitadores/arquitectura/bpmn/D06_flota_vehicular_koda.yml.json
- path: domains/gn/04_habilitadores/arquitectura/bpmn/D07_rrhh_koda.yml
  sha256: 6f057ef1f3c5dc59c43b5d51a1f7eac20fd95fcfdc2f0d043c2ee832ca215872
  projection: projections/domains/gn/04_habilitadores/arquitectura/bpmn/D07_rrhh_koda.yml.json
- path: domains/gn/04_habilitadores/arquitectura/bpmn/D08_rendiciones_koda.yml
  sha256: 07c56ac7ee69f6a94324af64f09082686f9e5623274fcdf1f9ae1a527b770c22
  projection: projections/domains/gn/04_habilitadores/arquitectura/bpmn/D08_rendiciones_koda.yml.json
- path: domains/gn/04_habilitadores/arquitectura/bpmn/D09_cies_sitia_koda.yml
  sha256: 013b29d9cdd47f96f46a9ce994d9ddbbef0f24d73529039e0a67fa53a112e304
  projection: projections/domains/gn/04_habilitadores/arquitectura/bpmn/D09_cies_sitia_koda.yml.json
- path: domains/gn/04_habilitadores/arquitectura/bpmn/D10_geoespacial_ide_koda.yml
  sha256: c7aed58a04063ab80e5e43dbb12003236eef581694c4330a58040ce480848294
  projection: projections/domains/gn/04_habilitadores/arquitectura/bpmn/D10_geoespacial_ide_koda.yml.json
- path: domains/gn/04_habilitadores/arquitectura/bpmn/_index.yml
  sha256: 4ad882e09e8363cf0e79d74349a95aa3fda329778191be5ca6ea4d8d35a95c8f
  projection: projections/domains/gn/04_habilitadores/arquitectura/bpmn/_index.yml.json
- path: domains/gn/04_habilitadores/arquitectura/kb_gn_050_aceleracion_regional_koda.yml
  sha256: 053986a48e7a53a5ce9db8d3a777e9d67965eb18857fb3d7fd43aeffc3c069b0
  projection: projections/domains/gn/04_habilitadores/arquitectura/kb_gn_050_aceleracion_regional_koda.yml.json
- path: domains/gn/04_habilitadores/arquitectura/kb_gn_080_cies_sitia_koda.yml
  sha256: 2e65308d557054d6aaac05e2bc0f238dc5cd5c29391108605cf5827bd3ed8796
  projection: projections/domains/gn/04_habilitadores/arquitectura/kb_gn_080_cies_sitia_koda.yml.json
- path: domains/gn/04_habilitadores/arquitectura/kb_gn_090_gestion_informacion_geoespacial_koda.yml
  sha256: 2f10bceb00446a20526d688bcf0b28453a1180763af4490b68cbe90502fb7eb0
  projection: projections/domains/gn/04_habilitadores/arquitectura/kb_gn_090_gestion_informacion_geoespacial_koda.yml.json
- path: domains/gn/04_habilitadores/comunicaciones/kb_gn_008_comunicaciones_oc_koda.yml
  sha256: e9a6de38a542761142f0fe4bc28af4931d93b33e172930bc7204892e3534ad44
  projection: projections/domains/gn/04_habilitadores/comunicaciones/kb_gn_008_comunicaciones_oc_koda.yml.json
- path: domains/gn/04_habilitadores/comunicaciones/kb_gn_030_guia_comunicaciones_koda.yml
  sha256: 5e808744ce46281461cdcdce9fd92af46aab10722a7bae97694ac589e3ac03ad
  projection: projections/domains/gn/04_habilitadores/comunicaciones/kb_gn_030_guia_comunicaciones_koda.yml.json
- path: domains/gn/04_habilitadores/tde/kb_gn_710_informe_estado_inicial_gore_pre_td_koda.yml
  sha256: 8c375d5f6d7b104d75917efbed267ece39f8d6200900d723b0bc336505a3df83
  projection: projections/domains/gn/04_habilitadores/tde/kb_gn_710_informe_estado_inicial_gore_pre_td_koda.yml.json
- path: domains/gn/04_habilitadores/tde/kb_gn_720_estrategia_td_ia_koda.yml
  sha256: 5328885f1b3ae852439424dd840565fd06c753ed1f56cc32252f923d0bff8a50
  projection: projections/domains/gn/04_habilitadores/tde/kb_gn_720_estrategia_td_ia_koda.yml.json
- path: domains/gn/05_data_raw/kb_gn_002_noticias.csv
  sha256: 1f2ff5c1dcd2eb4963ff4d91c45344c594d23b59bfc52f6541ea700012b59e51
  projection: projections/domains/gn/05_data_raw/kb_gn_002_noticias.csv.json
- path: domains/gn/05_data_raw/kb_gn_003_idis.csv
  sha256: 1fdd1ea300d1ac4a5261e79122f080b6bbdf03e0bfd709c0f8e886466543cfb1
  projection: projections/domains/gn/05_data_raw/kb_gn_003_idis.csv.json
- path: domains/gn/05_data_raw/kb_gn_012_progs_vigentes.csv
  sha256: af72b6361adc23d348106d898d75f16ab07885ba27aef71d0a1f5fd6c99d7bd4
  projection: projections/domains/gn/05_data_raw/kb_gn_012_progs_vigentes.csv.json
- path: domains/gn/05_data_raw/kb_gn_110_convenios_2022_2025.csv
  sha256: 7796f52465e3490e5b086a20e117787f375f3a14b920401e8c783802932f1584
  projection: projections/domains/gn/05_data_raw/kb_gn_110_convenios_2022_2025.csv.json
- path: domains/gn/dgi/kb_gn_manual_operacional_dgi_koda.yml
  sha256: 79a279016f3a7730f0e7052faf44f20199fee3379b6a80654a95170b4b5bd967
  projection: projections/domains/gn/dgi/kb_gn_manual_operacional_dgi_koda.yml.json
- path: domains/gn/dgi/kb_gn_plan_potenciamiento_dgi_koda.yml
  sha256: d2c4322fdf40eb020556b0352b85ec2503bf02fb23ae0a6a952a3c9f6692690a
  projection: projections/domains/gn/dgi/kb_gn_plan_potenciamiento_dgi_koda.yml.json
- path: ontologies/onto_gorenuble/alignmentGnubTde.ttl
  sha256: ae2ee64ce173984096632531a9635a439043e8337a5ad747480a2ed77d21bee6
  projection: projections/ontologies/onto_gorenuble/alignmentGnubTde.ttl.json
- path: ontologies/onto_gorenuble/catalog-v001.xml
  sha256: 5cdc5eed257b50cc33933dc25b519ac8d99f8a2330851633e52410ddca53a747
  projection: projections/ontologies/onto_gorenuble/catalog-v001.xml.json
- path: ontologies/onto_gorenuble/goreNubleApprovalData.ttl
  sha256: de01d8799d7fee0c3d111403e337efc892d6805d78a8828bbdc0a4aed4a0b03d
  projection: projections/ontologies/onto_gorenuble/goreNubleApprovalData.ttl.json
- path: ontologies/onto_gorenuble/goreNubleBundle.ttl
  sha256: b114ab1883bb3177f2adf9558fa531039fb5481368a1c6f9789cf7ff22230598
  projection: projections/ontologies/onto_gorenuble/goreNubleBundle.ttl.json
- path: ontologies/onto_gorenuble/goreNubleCQs_Master.yml
  sha256: 54ff9c22ace906e6a52ad6b0c08c11ff59cadc67a90e4605ba777f2a0e142bb0
  projection: projections/ontologies/onto_gorenuble/goreNubleCQs_Master.yml.json
- path: ontologies/onto_gorenuble/goreNubleDipirOntology.ttl
  sha256: 5f6214b27904955902ae2fccce9a74d3b2e548c7c15e1c6107b8272343728918
  projection: projections/ontologies/onto_gorenuble/goreNubleDipirOntology.ttl.json
- path: ontologies/onto_gorenuble/goreNubleDipirRules.ttl
  sha256: 8b96a3ada7efc4900ba52ab693fa507b0a5e58096bf68b27536648cc353398ab
  projection: projections/ontologies/onto_gorenuble/goreNubleDipirRules.ttl.json
- path: ontologies/onto_gorenuble/goreNubleIPRData.ttl
  sha256: f7c45023331954256161c54d62fe5f4b170debb5d6ddb8cdb7830358f327c6cf
  projection: projections/ontologies/onto_gorenuble/goreNubleIPRData.ttl.json
- path: ontologies/onto_gorenuble/goreNubleLegalData.ttl
  sha256: 1a49301158c32da9c8e868076eae116143498ccd282b27099db6318f648c23fc
  projection: projections/ontologies/onto_gorenuble/goreNubleLegalData.ttl.json
- path: ontologies/onto_gorenuble/goreNubleOntology.ttl
  sha256: cfe686e5a83d51933f0210c39da55c5b028d4eb747bddad2e4ed4d30b3db2384
  projection: projections/ontologies/onto_gorenuble/goreNubleOntology.ttl.json
- path: ontologies/onto_gorenuble/goreNubleOrgData.ttl
  sha256: f15a877cfd6af0118b1cdb93aafd1391f4b8d956e7f001eb74f5b1dd09019cf1
  projection: projections/ontologies/onto_gorenuble/goreNubleOrgData.ttl.json
- path: ontologies/onto_gorenuble/goreNubleReferenceData.ttl
  sha256: 76e7785855e2e7cbffda73a602ecd3e55341ef33026088fc94864b0aaedeb52d
  projection: projections/ontologies/onto_gorenuble/goreNubleReferenceData.ttl.json
- path: ontologies/onto_gorenuble/goreNubleRenditionData.ttl
  sha256: b06e23d8a9b49eac6d4fc31ada6cf50965b4083231039d1be6931861cada679c
  projection: projections/ontologies/onto_gorenuble/goreNubleRenditionData.ttl.json
- path: ontologies/onto_gorenuble/goreNubleShapes.ttl
  sha256: b29d9f60964e8a5c47b0768fa223958cf705598b7e632c9bea1c20168427f01b
  projection: projections/ontologies/onto_gorenuble/goreNubleShapes.ttl.json
- path: schemas/koda-schema.json
  sha256: fbf96b24196d02a0c82c1d414b505a0a03b86e288d31e47f4a556a991620a888
  projection: projections/schemas/koda-schema.json.json
